// !$*UTF8*$!
{
	archiveVersion = 1;
	classes = {
	};
	objectVersion = 46;
	objects = {

/* Begin PBXBuildFile section */
		647284251EB38CE9002474A2 /* UserDefauts+Extensions.swift in Sources */ = {isa = PBXBuildFile; fileRef = 647284241EB38CE9002474A2 /* UserDefauts+Extensions.swift */; };
		64BE1FD81EAC8E23009A00B6 /* MapViewController.swift in Sources */ = {isa = PBXBuildFile; fileRef = 64BE1FD71EAC8E23009A00B6 /* MapViewController.swift */; };
		64BE1FDA1EAC9217009A00B6 /* MapViewControllerDelegate.swift in Sources */ = {isa = PBXBuildFile; fileRef = 64BE1FD91EAC9217009A00B6 /* MapViewControllerDelegate.swift */; };
		64E8BF6C1E9535A200B10108 /* AppDelegate.swift in Sources */ = {isa = PBXBuildFile; fileRef = 64E8BF6B1E9535A200B10108 /* AppDelegate.swift */; };
		64E8BF6E1E9535A200B10108 /* CompassViewController.swift in Sources */ = {isa = PBXBuildFile; fileRef = 64E8BF6D1E9535A200B10108 /* CompassViewController.swift */; };
		64E8BF711E9535A200B10108 /* Main.storyboard in Resources */ = {isa = PBXBuildFile; fileRef = 64E8BF6F1E9535A200B10108 /* Main.storyboard */; };
		64E8BF731E9535A200B10108 /* Assets.xcassets in Resources */ = {isa = PBXBuildFile; fileRef = 64E8BF721E9535A200B10108 /* Assets.xcassets */; };
		64E8BF761E9535A200B10108 /* LaunchScreen.storyboard in Resources */ = {isa = PBXBuildFile; fileRef = 64E8BF741E9535A200B10108 /* LaunchScreen.storyboard */; };
		64E8BF7E1E953A6200B10108 /* LocationDelegate.swift in Sources */ = {isa = PBXBuildFile; fileRef = 64E8BF7D1E953A6200B10108 /* LocationDelegate.swift */; };
		64E8BF801E953ACC00B10108 /* CLLocation+Extension.swift in Sources */ = {isa = PBXBuildFile; fileRef = 64E8BF7F1E953ACC00B10108 /* CLLocation+Extension.swift */; };
/* End PBXBuildFile section */

/* Begin PBXFileReference section */
		647284241EB38CE9002474A2 /* UserDefauts+Extensions.swift */ = {isa = PBXFileReference; fileEncoding = 4; lastKnownFileType = sourcecode.swift; path = "UserDefauts+Extensions.swift"; sourceTree = "<group>"; };
		64BE1FD71EAC8E23009A00B6 /* MapViewController.swift */ = {isa = PBXFileReference; fileEncoding = 4; lastKnownFileType = sourcecode.swift; path = MapViewController.swift; sourceTree = "<group>"; };
		64BE1FD91EAC9217009A00B6 /* MapViewControllerDelegate.swift */ = {isa = PBXFileReference; fileEncoding = 4; lastKnownFileType = sourcecode.swift; path = MapViewControllerDelegate.swift; sourceTree = "<group>"; };
		64E8BF681E9535A200B10108 /* compass.app */ = {isa = PBXFileReference; explicitFileType = wrapper.application; includeInIndex = 0; path = compass.app; sourceTree = BUILT_PRODUCTS_DIR; };
		64E8BF6B1E9535A200B10108 /* AppDelegate.swift */ = {isa = PBXFileReference; lastKnownFileType = sourcecode.swift; path = AppDelegate.swift; sourceTree = "<group>"; };
		64E8BF6D1E9535A200B10108 /* CompassViewController.swift */ = {isa = PBXFileReference; lastKnownFileType = sourcecode.swift; path = CompassViewController.swift; sourceTree = "<group>"; };
		64E8BF701E9535A200B10108 /* Base */ = {isa = PBXFileReference; lastKnownFileType = file.storyboard; name = Base; path = Base.lproj/Main.storyboard; sourceTree = "<group>"; };
		64E8BF721E9535A200B10108 /* Assets.xcassets */ = {isa = PBXFileReference; lastKnownFileType = folder.assetcatalog; path = Assets.xcassets; sourceTree = "<group>"; };
		64E8BF751E9535A200B10108 /* Base */ = {isa = PBXFileReference; lastKnownFileType = file.storyboard; name = Base; path = Base.lproj/LaunchScreen.storyboard; sourceTree = "<group>"; };
		64E8BF771E9535A200B10108 /* Info.plist */ = {isa = PBXFileReference; lastKnownFileType = text.plist.xml; path = Info.plist; sourceTree = "<group>"; };
		64E8BF7D1E953A6200B10108 /* LocationDelegate.swift */ = {isa = PBXFileReference; fileEncoding = 4; lastKnownFileType = sourcecode.swift; path = LocationDelegate.swift; sourceTree = "<group>"; };
		64E8BF7F1E953ACC00B10108 /* CLLocation+Extension.swift */ = {isa = PBXFileReference; fileEncoding = 4; lastKnownFileType = sourcecode.swift; path = "CLLocation+Extension.swift"; sourceTree = "<group>"; };
/* End PBXFileReference section */

/* Begin PBXFrameworksBuildPhase section */
		64E8BF651E9535A200B10108 /* Frameworks */ = {
			isa = PBXFrameworksBuildPhase;
			buildActionMask = 2147483647;
			files = (
			);
			runOnlyForDeploymentPostprocessing = 0;
		};
/* End PBXFrameworksBuildPhase section */

/* Begin PBXGroup section */
		64E8BF5F1E9535A200B10108 = {
			isa = PBXGroup;
			children = (
				64E8BF6A1E9535A200B10108 /* compass */,
				64E8BF691E9535A200B10108 /* Products */,
			);
			sourceTree = "<group>";
		};
		64E8BF691E9535A200B10108 /* Products */ = {
			isa = PBXGroup;
			children = (
				64E8BF681E9535A200B10108 /* compass.app */,
			);
			name = Products;
			sourceTree = "<group>";
		};
		64E8BF6A1E9535A200B10108 /* compass */ = {
			isa = PBXGroup;
			children = (
				64BE1FD71EAC8E23009A00B6 /* MapViewController.swift */,
				64BE1FD91EAC9217009A00B6 /* MapViewControllerDelegate.swift */,
				64E8BF6B1E9535A200B10108 /* AppDelegate.swift */,
				64E8BF6D1E9535A200B10108 /* CompassViewController.swift */,
				647284241EB38CE9002474A2 /* UserDefauts+Extensions.swift */,
				64E8BF7D1E953A6200B10108 /* LocationDelegate.swift */,
				64E8BF7F1E953ACC00B10108 /* CLLocation+Extension.swift */,
				64E8BF6F1E9535A200B10108 /* Main.storyboard */,
				64E8BF721E9535A200B10108 /* Assets.xcassets */,
				64E8BF741E9535A200B10108 /* LaunchScreen.storyboard */,
				64E8BF771E9535A200B10108 /* Info.plist */,
			);
			path = compass;
			sourceTree = "<group>";
		};
/* End PBXGroup section */

/* Begin PBXNativeTarget section */
		64E8BF671E9535A200B10108 /* compass */ = {
			isa = PBXNativeTarget;
			buildConfigurationList = 64E8BF7A1E9535A200B10108 /* Build configuration list for PBXNativeTarget "compass" */;
			buildPhases = (
				64E8BF641E9535A200B10108 /* Sources */,
				64E8BF651E9535A200B10108 /* Frameworks */,
				64E8BF661E9535A200B10108 /* Resources */,
			);
			buildRules = (
			);
			dependencies = (
			);
			name = compass;
			productName = compass;
			productReference = 64E8BF681E9535A200B10108 /* compass.app */;
			productType = "com.apple.product-type.application";
		};
/* End PBXNativeTarget section */

/* Begin PBXProject section */
		64E8BF601E9535A200B10108 /* Project object */ = {
			isa = PBXProject;
			attributes = {
				LastSwiftUpdateCheck = 0830;
				LastUpgradeCheck = 0830;
				ORGANIZATIONNAME = "Kimchi Media";
				TargetAttributes = {
					64E8BF671E9535A200B10108 = {
						CreatedOnToolsVersion = 8.3;
						DevelopmentTeam = 5HP4VS26CA;
						ProvisioningStyle = Automatic;
					};
				};
			};
			buildConfigurationList = 64E8BF631E9535A200B10108 /* Build configuration list for PBXProject "Compass" */;
			compatibilityVersion = "Xcode 3.2";
			developmentRegion = English;
			hasScannedForEncodings = 0;
			knownRegions = (
				en,
				Base,
			);
			mainGroup = 64E8BF5F1E9535A200B10108;
			productRefGroup = 64E8BF691E9535A200B10108 /* Products */;
			projectDirPath = "";
			projectRoot = "";
			targets = (
				64E8BF671E9535A200B10108 /* compass */,
			);
		};
/* End PBXProject section */

/* Begin PBXResourcesBuildPhase section */
		64E8BF661E9535A200B10108 /* Resources */ = {
			isa = PBXResourcesBuildPhase;
			buildActionMask = 2147483647;
			files = (
				64E8BF761E9535A200B10108 /* LaunchScreen.storyboard in Resources */,
				64E8BF731E9535A200B10108 /* Assets.xcassets in Resources */,
				64E8BF711E9535A200B10108 /* Main.storyboard in Resources */,
			);
			runOnlyForDeploymentPostprocessing = 0;
		};
/* End PBXResourcesBuildPhase section */

/* Begin PBXSourcesBuildPhase section */
		64E8BF641E9535A200B10108 /* Sources */ = {
			isa = PBXSourcesBuildPhase;
			buildActionMask = 2147483647;
			files = (
				64E8BF6E1E9535A200B10108 /* CompassViewController.swift in Sources */,
				64E8BF801E953ACC00B10108 /* CLLocation+Extension.swift in Sources */,
				64BE1FDA1EAC9217009A00B6 /* MapViewControllerDelegate.swift in Sources */,
				647284251EB38CE9002474A2 /* UserDefauts+Extensions.swift in Sources */,
				64E8BF7E1E953A6200B10108 /* LocationDelegate.swift in Sources */,
				64BE1FD81EAC8E23009A00B6 /* MapViewController.swift in Sources */,
				64E8BF6C1E9535A200B10108 /* AppDelegate.swift in Sources */,
			);
			runOnlyForDeploymentPostprocessing = 0;
		};
/* End PBXSourcesBuildPhase section */

/* Begin PBXVariantGroup section */
		64E8BF6F1E9535A200B10108 /* Main.storyboard */ = {
			isa = PBXVariantGroup;
			children = (
				64E8BF701E9535A200B10108 /* Base */,
			);
			name = Main.storyboard;
			sourceTree = "<group>";
		};
		64E8BF741E9535A200B10108 /* LaunchScreen.storyboard */ = {
			isa = PBXVariantGroup;
			children = (
				64E8BF751E9535A200B10108 /* Base */,
			);
			name = LaunchScreen.storyboard;
			sourceTree = "<group>";
		};
/* End PBXVariantGroup section */

/* Begin XCBuildConfiguration section */
		64E8BF781E9535A200B10108 /* Debug */ = {
			isa = XCBuildConfiguration;
			buildSettings = {
				ALWAYS_SEARCH_USER_PATHS = NO;
				CLANG_ANALYZER_NONNULL = YES;
				CLANG_ANALYZER_NUMBER_OBJECT_CONVERSION = YES_AGGRESSIVE;
				CLANG_CXX_LANGUAGE_STANDARD = "gnu++0x";
				CLANG_CXX_LIBRARY = "libc++";
				CLANG_ENABLE_MODULES = YES;
				CLANG_ENABLE_OBJC_ARC = YES;
				CLANG_WARN_BOOL_CONVERSION = YES;
				CLANG_WARN_CONSTANT_CONVERSION = YES;
				CLANG_WARN_DIRECT_OBJC_ISA_USAGE = YES_ERROR;
				CLANG_WARN_DOCUMENTATION_COMMENTS = YES;
				CLANG_WARN_EMPTY_BODY = YES;
				CLANG_WARN_ENUM_CONVERSION = YES;
				CLANG_WARN_INFINITE_RECURSION = YES;
				CLANG_WARN_INT_CONVERSION = YES;
				CLANG_WARN_OBJC_ROOT_CLASS = YES_ERROR;
				CLANG_WARN_SUSPICIOUS_MOVE = YES;
				CLANG_WARN_UNREACHABLE_CODE = YES;
				CLANG_WARN__DUPLICATE_METHOD_MATCH = YES;
				"CODE_SIGN_IDENTITY[sdk=iphoneos*]" = "iPhone Developer";
				COPY_PHASE_STRIP = NO;
				DEBUG_INFORMATION_FORMAT = dwarf;
				ENABLE_STRICT_OBJC_MSGSEND = YES;
				ENABLE_TESTABILITY = YES;
				GCC_C_LANGUAGE_STANDARD = gnu99;
				GCC_DYNAMIC_NO_PIC = NO;
				GCC_NO_COMMON_BLOCKS = YES;
				GCC_OPTIMIZATION_LEVEL = 0;
				GCC_PREPROCESSOR_DEFINITIONS = (
					"DEBUG=1",
					"$(inherited)",
				);
				GCC_WARN_64_TO_32_BIT_CONVERSION = YES;
				GCC_WARN_ABOUT_RETURN_TYPE = YES_ERROR;
				GCC_WARN_UNDECLARED_SELECTOR = YES;
				GCC_WARN_UNINITIALIZED_AUTOS = YES_AGGRESSIVE;
				GCC_WARN_UNUSED_FUNCTION = YES;
				GCC_WARN_UNUSED_VARIABLE = YES;
				IPHONEOS_DEPLOYMENT_TARGET = 10.3;
				MTL_ENABLE_DEBUG_INFO = YES;
				ONLY_ACTIVE_ARCH = YES;
				SDKROOT = iphoneos;
				SWIFT_ACTIVE_COMPILATION_CONDITIONS = DEBUG;
				SWIFT_OPTIMIZATION_LEVEL = "-Onone";
				TARGETED_DEVICE_FAMILY = "1,2";
			};
			name = Debug;
		};
		64E8BF791E9535A200B10108 /* Release */ = {
			isa = XCBuildConfiguration;
			buildSettings = {
				ALWAYS_SEARCH_USER_PATHS = NO;
				CLANG_ANALYZER_NONNULL = YES;
				CLANG_ANALYZER_NUMBER_OBJECT_CONVERSION = YES_AGGRESSIVE;
				CLANG_CXX_LANGUAGE_STANDARD = "gnu++0x";
				CLANG_CXX_LIBRARY = "libc++";
				CLANG_ENABLE_MODULES = YES;
				CLANG_ENABLE_OBJC_ARC = YES;
				CLANG_WARN_BOOL_CONVERSION = YES;
				CLANG_WARN_CONSTANT_CONVERSION = YES;
				CLANG_WARN_DIRECT_OBJC_ISA_USAGE = YES_ERROR;
				CLANG_WARN_DOCUMENTATION_COMMENTS = YES;
				CLANG_WARN_EMPTY_BODY = YES;
				CLANG_WARN_ENUM_CONVERSION = YES;
				CLANG_WARN_INFINITE_RECURSION = YES;
				CLANG_WARN_INT_CONVERSION = YES;
				CLANG_WARN_OBJC_ROOT_CLASS = YES_ERROR;
				CLANG_WARN_SUSPICIOUS_MOVE = YES;
				CLANG_WARN_UNREACHABLE_CODE = YES;
				CLANG_WARN__DUPLICATE_METHOD_MATCH = YES;
				"CODE_SIGN_IDENTITY[sdk=iphoneos*]" = "iPhone Developer";
				COPY_PHASE_STRIP = NO;
				DEBUG_INFORMATION_FORMAT = "dwarf-with-dsym";
				ENABLE_NS_ASSERTIONS = NO;
				ENABLE_STRICT_OBJC_MSGSEND = YES;
				GCC_C_LANGUAGE_STANDARD = gnu99;
				GCC_NO_COMMON_BLOCKS = YES;
				GCC_WARN_64_TO_32_BIT_CONVERSION = YES;
				GCC_WARN_ABOUT_RETURN_TYPE = YES_ERROR;
				GCC_WARN_UNDECLARED_SELECTOR = YES;
				GCC_WARN_UNINITIALIZED_AUTOS = YES_AGGRESSIVE;
				GCC_WARN_UNUSED_FUNCTION = YES;
				GCC_WARN_UNUSED_VARIABLE = YES;
				IPHONEOS_DEPLOYMENT_TARGET = 10.3;
				MTL_ENABLE_DEBUG_INFO = NO;
				SDKROOT = iphoneos;
				SWIFT_OPTIMIZATION_LEVEL = "-Owholemodule";
				TARGETED_DEVICE_FAMILY = "1,2";
				VALIDATE_PRODUCT = YES;
			};
			name = Release;
		};
		64E8BF7B1E9535A200B10108 /* Debug */ = {
			isa = XCBuildConfiguration;
			buildSettings = {
				ASSETCATALOG_COMPILER_APPICON_NAME = AppIcon;
				DEVELOPMENT_TEAM = 5HP4VS26CA;
				INFOPLIST_FILE = compass/Info.plist;
				IPHONEOS_DEPLOYMENT_TARGET = 8.0;
				LD_RUNPATH_SEARCH_PATHS = "$(inherited) @executable_path/Frameworks";
				PRODUCT_BUNDLE_IDENTIFIER = media.kimchi.compass;
				PRODUCT_NAME = "$(TARGET_NAME)";
				SWIFT_VERSION = 3.0;
			};
			name = Debug;
		};
		64E8BF7C1E9535A200B10108 /* Release */ = {
			isa = XCBuildConfiguration;
			buildSettings = {
				ASSETCATALOG_COMPILER_APPICON_NAME = AppIcon;
				DEVELOPMENT_TEAM = 5HP4VS26CA;
				INFOPLIST_FILE = compass/Info.plist;
				IPHONEOS_DEPLOYMENT_TARGET = 8.0;
				LD_RUNPATH_SEARCH_PATHS = "$(inherited) @executable_path/Frameworks";
				PRODUCT_BUNDLE_IDENTIFIER = media.kimchi.compass;
				PRODUCT_NAME = "$(TARGET_NAME)";
				SWIFT_VERSION = 3.0;
			};
			name = Release;
		};
/* End XCBuildConfiguration section */

/* Begin XCConfigurationList section */
		64E8BF631E9535A200B10108 /* Build configuration list for PBXProject "Compass" */ = {
			isa = XCConfigurationList;
			buildConfigurations = (
				64E8BF781E9535A200B10108 /* Debug */,
				64E8BF791E9535A200B10108 /* Release */,
			);
			defaultConfigurationIsVisible = 0;
			defaultConfigurationName = Release;
		};
		64E8BF7A1E9535A200B10108 /* Build configuration list for PBXNativeTarget "compass" */ = {
			isa = XCConfigurationList;
			buildConfigurations = (
				64E8BF7B1E9535A200B10108 /* Debug */,
				64E8BF7C1E9535A200B10108 /* Release */,
			);
			defaultConfigurationIsVisible = 0;
			defaultConfigurationName = Release;
		};
/* End XCConfigurationList section */
	};
	rootObject = 64E8BF601E9535A200B10108 /* Project object */;
}
